
Microsoft Visual Studio Solution File, Format Version 12.00
# Visual Studio Version 17
VisualStudioVersion = 17.5.33424.131
MinimumVisualStudioVersion = 10.0.40219.1
Project("{FAE04EC0-301F-11D3-BF4B-00C04F79EFBC}") = "WinFormsApp19", "WinFormsApp19\WinFormsApp19.csproj", "{AAD98442-1288-4211-B2DB-EACF80C7C794}"
EndProject
Global
	GlobalSection(SolutionConfigurationPlatforms) = preSolution
		Debug|Any CPU = Debug|Any CPU
		Release|Any CPU = Release|Any CPU
	EndGlobalSection
	GlobalSection(ProjectConfigurationPlatforms) = postSolution
		{AAD98442-1288-4211-B2DB-EACF80C7C794}.Debug|Any CPU.ActiveCfg = Debug|Any CPU
		{AAD98442-1288-4211-B2DB-EACF80C7C794}.Debug|Any CPU.Build.0 = Debug|Any CPU
		{AAD98442-1288-4211-B2DB-EACF80C7C794}.Release|Any CPU.ActiveCfg = Release|Any CPU
		{AAD98442-1288-4211-B2DB-EACF80C7C794}.Release|Any CPU.Build.0 = Release|Any CPU
	EndGlobalSection
	GlobalSection(SolutionProperties) = preSolution
		HideSolutionNode = FALSE
	EndGlobalSection
	GlobalSection(ExtensibilityGlobals) = postSolution
		SolutionGuid = {A7196B87-EB4E-4174-B1E0-CD3BE791F01E}
	EndGlobalSection
EndGlobal
